{
  "pins" : [
    {
      "identity" : "finnhubswift",
      "kind" : "remoteSourceControl",
      "location" : "https://github.com/kurtmcintire/FinnhubSwift.git",
      "state" : {
        "branch" : "main",
        "revision" : "e32d9c7260a0c5830139a08800d7c72809cc363f"
      }
    }
  ],
  "version" : 2
}
